
Microsoft Visual Studio Solution File, Format Version 12.00
# Visual Studio Version 17
VisualStudioVersion = 17.3.32819.101
MinimumVisualStudioVersion = 10.0.40219.1
Project("{FAE04EC0-301F-11D3-BF4B-00C04F79EFBC}") = "Responsi_APP", "Responsi_APP\Responsi_APP.csproj", "{BEBEC0A5-409F-40C6-B10C-207A62AB2302}"
EndProject
Global
	GlobalSection(SolutionConfigurationPlatforms) = preSolution
		Debug|Any CPU = Debug|Any CPU
		Release|Any CPU = Release|Any CPU
	EndGlobalSection
	GlobalSection(ProjectConfigurationPlatforms) = postSolution
		{BEBEC0A5-409F-40C6-B10C-207A62AB2302}.Debug|Any CPU.ActiveCfg = Debug|Any CPU
		{BEBEC0A5-409F-40C6-B10C-207A62AB2302}.Debug|Any CPU.Build.0 = Debug|Any CPU
		{BEBEC0A5-409F-40C6-B10C-207A62AB2302}.Release|Any CPU.ActiveCfg = Release|Any CPU
		{BEBEC0A5-409F-40C6-B10C-207A62AB2302}.Release|Any CPU.Build.0 = Release|Any CPU
	EndGlobalSection
	GlobalSection(SolutionProperties) = preSolution
		HideSolutionNode = FALSE
	EndGlobalSection
	GlobalSection(ExtensibilityGlobals) = postSolution
		SolutionGuid = {D1BFEA05-47F9-4BDE-81AB-1D1FAB845320}
	EndGlobalSection
EndGlobal
